
Microsoft Visual Studio Solution File, Format Version 12.00
# Visual Studio Version 16
VisualStudioVersion = 16.0.30621.155
MinimumVisualStudioVersion = 10.0.40219.1
Project("{FAE04EC0-301F-11D3-BF4B-00C04F79EFBC}") = "Desafio.Api", "Desafio.Api\Desafio.Api.csproj", "{4709A947-85C6-4191-9CE8-BDE2C1139319}"
EndProject
Global
	GlobalSection(SolutionConfigurationPlatforms) = preSolution
		Debug|Any CPU = Debug|Any CPU
		Release|Any CPU = Release|Any CPU
	EndGlobalSection
	GlobalSection(ProjectConfigurationPlatforms) = postSolution
		{4709A947-85C6-4191-9CE8-BDE2C1139319}.Debug|Any CPU.ActiveCfg = Debug|Any CPU
		{4709A947-85C6-4191-9CE8-BDE2C1139319}.Debug|Any CPU.Build.0 = Debug|Any CPU
		{4709A947-85C6-4191-9CE8-BDE2C1139319}.Release|Any CPU.ActiveCfg = Release|Any CPU
		{4709A947-85C6-4191-9CE8-BDE2C1139319}.Release|Any CPU.Build.0 = Release|Any CPU
	EndGlobalSection
	GlobalSection(SolutionProperties) = preSolution
		HideSolutionNode = FALSE
	EndGlobalSection
	GlobalSection(ExtensibilityGlobals) = postSolution
		SolutionGuid = {7B8D3A6A-1A3C-4F25-86C2-58897DB69E0A}
	EndGlobalSection
EndGlobal
